
Microsoft Visual Studio Solution File, Format Version 12.00
# Visual Studio 2013
VisualStudioVersion = 12.0.21005.1
MinimumVisualStudioVersion = 10.0.40219.1
Project("{2150E333-8FDC-42A3-9474-1A3956D46DE8}") = "Solution Items", "Solution Items", "{0EF0D2AD-5B34-4643-9811-4673316972BF}"
	ProjectSection(SolutionItems) = preProject
		license.txt = license.txt
		Docs\Original Source Variables.txt = Docs\Original Source Variables.txt
		readme.md = readme.md
	EndProjectSection
EndProject
Project("{FAE04EC0-301F-11D3-BF4B-00C04F79EFBC}") = "LemonadeStand.Common", "LemonadeStand.Common\LemonadeStand.Common.csproj", "{692A3B53-F7CB-4506-93C1-176C1DB0A8D4}"
EndProject
Project("{FAE04EC0-301F-11D3-BF4B-00C04F79EFBC}") = "LemonadeStand.Tests", "LemonadeStand.Tests\LemonadeStand.Tests.csproj", "{F82AD7FE-6383-4C95-9723-9748ECF69F0A}"
EndProject
Project("{FAE04EC0-301F-11D3-BF4B-00C04F79EFBC}") = "LemonadeStand.Web", "LemonadeStand.Web\LemonadeStand.Web.csproj", "{04185416-790B-4534-A5F7-7881880542C4}"
EndProject
Global
	GlobalSection(SolutionConfigurationPlatforms) = preSolution
		Debug|Any CPU = Debug|Any CPU
		Release|Any CPU = Release|Any CPU
	EndGlobalSection
	GlobalSection(ProjectConfigurationPlatforms) = postSolution
		{692A3B53-F7CB-4506-93C1-176C1DB0A8D4}.Debug|Any CPU.ActiveCfg = Debug|Any CPU
		{692A3B53-F7CB-4506-93C1-176C1DB0A8D4}.Debug|Any CPU.Build.0 = Debug|Any CPU
		{692A3B53-F7CB-4506-93C1-176C1DB0A8D4}.Release|Any CPU.ActiveCfg = Release|Any CPU
		{692A3B53-F7CB-4506-93C1-176C1DB0A8D4}.Release|Any CPU.Build.0 = Release|Any CPU
		{F82AD7FE-6383-4C95-9723-9748ECF69F0A}.Debug|Any CPU.ActiveCfg = Debug|Any CPU
		{F82AD7FE-6383-4C95-9723-9748ECF69F0A}.Debug|Any CPU.Build.0 = Debug|Any CPU
		{F82AD7FE-6383-4C95-9723-9748ECF69F0A}.Release|Any CPU.ActiveCfg = Release|Any CPU
		{F82AD7FE-6383-4C95-9723-9748ECF69F0A}.Release|Any CPU.Build.0 = Release|Any CPU
		{04185416-790B-4534-A5F7-7881880542C4}.Debug|Any CPU.ActiveCfg = Debug|Any CPU
		{04185416-790B-4534-A5F7-7881880542C4}.Debug|Any CPU.Build.0 = Debug|Any CPU
		{04185416-790B-4534-A5F7-7881880542C4}.Release|Any CPU.ActiveCfg = Release|Any CPU
		{04185416-790B-4534-A5F7-7881880542C4}.Release|Any CPU.Build.0 = Release|Any CPU
	EndGlobalSection
	GlobalSection(SolutionProperties) = preSolution
		HideSolutionNode = FALSE
	EndGlobalSection
EndGlobal
